
Microsoft Visual Studio Solution File, Format Version 12.00
# Visual Studio 15
VisualStudioVersion = 15.0.27130.2027
MinimumVisualStudioVersion = 10.0.40219.1
Project("{FAE04EC0-301F-11D3-BF4B-00C04F79EFBC}") = "aspGridview", "aspGridview\aspGridview.csproj", "{C06094C5-C9C6-40CE-BA4E-99085A84A31C}"
EndProject
Global
	GlobalSection(SolutionConfigurationPlatforms) = preSolution
		Debug|Any CPU = Debug|Any CPU
		Release|Any CPU = Release|Any CPU
	EndGlobalSection
	GlobalSection(ProjectConfigurationPlatforms) = postSolution
		{C06094C5-C9C6-40CE-BA4E-99085A84A31C}.Debug|Any CPU.ActiveCfg = Debug|Any CPU
		{C06094C5-C9C6-40CE-BA4E-99085A84A31C}.Debug|Any CPU.Build.0 = Debug|Any CPU
		{C06094C5-C9C6-40CE-BA4E-99085A84A31C}.Release|Any CPU.ActiveCfg = Release|Any CPU
		{C06094C5-C9C6-40CE-BA4E-99085A84A31C}.Release|Any CPU.Build.0 = Release|Any CPU
	EndGlobalSection
	GlobalSection(SolutionProperties) = preSolution
		HideSolutionNode = FALSE
	EndGlobalSection
	GlobalSection(ExtensibilityGlobals) = postSolution
		SolutionGuid = {B9D05A64-4513-43A9-A30C-D6BCBC66EB85}
	EndGlobalSection
EndGlobal
